{
  "name": "shop-serverless-backend-monorepo",
  "lockfileVersion": 2,
  "requires": true,
  "packages": {
    "": {
      "dependencies": {
        "@middy/http-cors": "^2.5.1"
      }
    },
    "node_modules/@middy/http-cors": {
      "version": "2.5.1",
      "resolved": "https://registry.npmjs.org/@middy/http-cors/-/http-cors-2.5.1.tgz",
      "integrity": "sha512-s/rGRxfRNzeuj+V7hfdwEBwtUG4FgDq/PZAEDhmxLtp/hWZy8R0ZcCsOlZnvQhkMuO1itvq6IzgFYk8X+1o/Ow==",
      "dependencies": {
        "@middy/util": "^2.5.1"
      },
      "engines": {
        "node": ">=12"
      }
    },
    "node_modules/@middy/util": {
      "version": "2.5.1",
      "resolved": "https://registry.npmjs.org/@middy/util/-/util-2.5.1.tgz",
      "integrity": "sha512-Tpx97CpE2GlgDdaCav+IZzEV2dSmb4hJj57r1xIOiRctYyYYhS6o4jOjfLBWAcDxbWs0WZb/kvv58p0O+1hRqw==",
      "engines": {
        "node": ">=12"
      }
    }
  },
  "dependencies": {
    "@middy/http-cors": {
      "version": "2.5.1",
      "resolved": "https://registry.npmjs.org/@middy/http-cors/-/http-cors-2.5.1.tgz",
      "integrity": "sha512-s/rGRxfRNzeuj+V7hfdwEBwtUG4FgDq/PZAEDhmxLtp/hWZy8R0ZcCsOlZnvQhkMuO1itvq6IzgFYk8X+1o/Ow==",
      "requires": {
        "@middy/util": "^2.5.1"
      }
    },
    "@middy/util": {
      "version": "2.5.1",
      "resolved": "https://registry.npmjs.org/@middy/util/-/util-2.5.1.tgz",
      "integrity": "sha512-Tpx97CpE2GlgDdaCav+IZzEV2dSmb4hJj57r1xIOiRctYyYYhS6o4jOjfLBWAcDxbWs0WZb/kvv58p0O+1hRqw=="
    }
  }
}
